{
  "nodes": {
    "home-manager": {
      "inputs": {
        "nixpkgs": [
          "nixpkgs"
        ]
      },
      "locked": {
        "lastModified": 1747331121,
        "narHash": "sha256-3MmiUN/jOHBHQUnjqzg6qKArc17j2OS6jisEppDY4g8=",
        "owner": "nix-community",
        "repo": "home-manager",
        "rev": "1eec32f0efe3b830927989767a9e6ece0d82d608",
        "type": "github"
      },
      "original": {
        "owner": "nix-community",
        "ref": "release-24.11",
        "repo": "home-manager",
        "type": "github"
      }
    },
    "home-manager_2": {
      "inputs": {
        "nixpkgs": [
          "zen-browser",
          "nixpkgs"
        ]
      },
      "locked": {
        "lastModified": 1743604125,
        "narHash": "sha256-ZD61DNbsBt1mQbinAaaEqKaJk2RFo9R/j+eYWeGMx7A=",
        "owner": "nix-community",
        "repo": "home-manager",
        "rev": "180fd43eea296e62ae68e079fcf56aba268b9a1a",
        "type": "github"
      },
      "original": {
        "owner": "nix-community",
        "repo": "home-manager",
        "type": "github"
      }
    },
    "nixos-hardware": {
      "locked": {
        "lastModified": 1747129300,
        "narHash": "sha256-L3clA5YGeYCF47ghsI7Tcex+DnaaN/BbQ4dR2wzoiKg=",
        "owner": "NixOS",
        "repo": "nixos-hardware",
        "rev": "e81fd167b33121269149c57806599045fd33eeed",
        "type": "github"
      },
      "original": {
        "owner": "NixOS",
        "ref": "master",
        "repo": "nixos-hardware",
        "type": "github"
      }
    },
    "nixpkgs": {
      "locked": {
        "lastModified": 1747485343,
        "narHash": "sha256-YbsZyuRE1tobO9sv0PUwg81QryYo3L1F3R3rF9bcG38=",
        "owner": "NixOS",
        "repo": "nixpkgs",
        "rev": "9b5ac7ad45298d58640540d0323ca217f32a6762",
        "type": "github"
      },
      "original": {
        "owner": "NixOS",
        "ref": "nixos-24.11",
        "repo": "nixpkgs",
        "type": "github"
      }
    },
    "nixpkgs-unstable": {
      "locked": {
        "lastModified": 1747542820,
        "narHash": "sha256-GaOZntlJ6gPPbbkTLjbd8BMWaDYafhuuYRNrxCGnPJw=",
        "owner": "NixOS",
        "repo": "nixpkgs",
        "rev": "292fa7d4f6519c074f0a50394dbbe69859bb6043",
        "type": "github"
      },
      "original": {
        "owner": "NixOS",
        "ref": "nixos-unstable",
        "repo": "nixpkgs",
        "type": "github"
      }
    },
    "nixpkgs_2": {
      "locked": {
        "lastModified": 1743448293,
        "narHash": "sha256-bmEPmSjJakAp/JojZRrUvNcDX2R5/nuX6bm+seVaGhs=",
        "owner": "nixos",
        "repo": "nixpkgs",
        "rev": "77b584d61ff80b4cef9245829a6f1dfad5afdfa3",
        "type": "github"
      },
      "original": {
        "owner": "nixos",
        "ref": "nixos-unstable",
        "repo": "nixpkgs",
        "type": "github"
      }
    },
    "root": {
      "inputs": {
        "home-manager": "home-manager",
        "nixos-hardware": "nixos-hardware",
        "nixpkgs": "nixpkgs",
        "nixpkgs-unstable": "nixpkgs-unstable",
        "zen-browser": "zen-browser"
      }
    },
    "zen-browser": {
      "inputs": {
        "home-manager": "home-manager_2",
        "nixpkgs": "nixpkgs_2"
      },
      "locked": {
        "lastModified": 1747671916,
        "narHash": "sha256-MUtzQT+ND275laFPh5F1OPZ9lXoRlrGAB9PeptQd/CU=",
        "owner": "0xc000022070",
        "repo": "zen-browser-flake",
        "rev": "001be9fdd3bef49125e642f717e65df245047bb4",
        "type": "github"
      },
      "original": {
        "owner": "0xc000022070",
        "repo": "zen-browser-flake",
        "type": "github"
      }
    }
  },
  "root": "root",
  "version": 7
}
